
Microsoft Visual Studio Solution File, Format Version 12.00
# Visual Studio Version 17
VisualStudioVersion = 17.8.34511.84
MinimumVisualStudioVersion = 10.0.40219.1
Project("{FAE04EC0-301F-11D3-BF4B-00C04F79EFBC}") = "Kangaroo", "Kangaroo.csproj", "{CEA4ABE9-FB7A-45F9-B217-1C255E1AC2A8}"
EndProject
Global
	GlobalSection(SolutionConfigurationPlatforms) = preSolution
		Debug|Any CPU = Debug|Any CPU
		Release|Any CPU = Release|Any CPU
	EndGlobalSection
	GlobalSection(ProjectConfigurationPlatforms) = postSolution
		{CEA4ABE9-FB7A-45F9-B217-1C255E1AC2A8}.Debug|Any CPU.ActiveCfg = Debug|Any CPU
		{CEA4ABE9-FB7A-45F9-B217-1C255E1AC2A8}.Debug|Any CPU.Build.0 = Debug|Any CPU
		{CEA4ABE9-FB7A-45F9-B217-1C255E1AC2A8}.Release|Any CPU.ActiveCfg = Release|Any CPU
		{CEA4ABE9-FB7A-45F9-B217-1C255E1AC2A8}.Release|Any CPU.Build.0 = Release|Any CPU
	EndGlobalSection
	GlobalSection(SolutionProperties) = preSolution
		HideSolutionNode = FALSE
	EndGlobalSection
	GlobalSection(ExtensibilityGlobals) = postSolution
		SolutionGuid = {862A780B-DCF4-4A8F-BB36-91C1E8983F0F}
	EndGlobalSection
EndGlobal
